# THIS IS AN AUTOGENERATED FILE. DO NOT EDIT THIS FILE DIRECTLY.
# yarn lockfile v1


uuid-with-v6@^1.1.2:
  version "1.1.2"
  resolved "https://registry.yarnpkg.com/uuid-with-v6/-/uuid-with-v6-1.1.2.tgz#2abfba9618ecbac7ee494bade05be27aa5932bfd"
  integrity sha1-Kr+6lhjsusfuSUut4FvieqWTK/0=
  dependencies:
    uuid "3.1.0"

uuid@3.1.0:
  version "3.1.0"
  resolved "https://registry.yarnpkg.com/uuid/-/uuid-3.1.0.tgz#3dd3d3e790abc24d7b0d3a034ffababe28ebbc04"
  integrity sha512-DIWtzUkw04M4k3bf1IcpS2tngXEL26YUD2M0tMDUpnUrz2hgzUBlD55a4FjdLGPvfHxS6uluGWvaVEqgBcVa+g==
